PODS:
  - flutter_webrtc (0.11.3):
    - FlutterMacOS
    - WebRTC-SDK (= 125.6422.04)
  - FlutterMacOS (1.0.0)
  - mobile_scanner (5.2.3):
    - FlutterMacOS
  - WebRTC-SDK (125.6422.04)

DEPENDENCIES:
  - flutter_webrtc (from `Flutter/ephemeral/.symlinks/plugins/flutter_webrtc/macos`)
  - FlutterMacOS (from `Flutter/ephemeral`)
  - mobile_scanner (from `Flutter/ephemeral/.symlinks/plugins/mobile_scanner/macos`)

SPEC REPOS:
  trunk:
    - WebRTC-SDK

EXTERNAL SOURCES:
  flutter_webrtc:
    :path: Flutter/ephemeral/.symlinks/plugins/flutter_webrtc/macos
  FlutterMacOS:
    :path: Flutter/ephemeral
  mobile_scanner:
    :path: Flutter/ephemeral/.symlinks/plugins/mobile_scanner/macos

SPEC CHECKSUMS:
  flutter_webrtc: f68f019e758ba8ea97d3a2aa5d85b3b25bce4015
  FlutterMacOS: d0db08ddef1a9af05a5ec4b724367152bb0500b1
  mobile_scanner: bd1e7cd9b67b442f4d903747f4778e040513f860
  WebRTC-SDK: c3d69a87e7185fad3568f6f3cff7c9ac5890acf3

PODFILE CHECKSUM: 54d867c82ac51cbd61b565781b9fada492027009

COCOAPODS: 1.16.2
